
Microsoft Visual Studio Solution File, Format Version 12.00
# Visual Studio Version 17
VisualStudioVersion = 17.4.33205.214
MinimumVisualStudioVersion = 10.0.40219.1
Project("{9A19103F-16F7-4668-BE54-9A1E7A4F7556}") = "FlightPatternDetection", "FlightPatternDetection\FlightPatternDetection.csproj", "{6E2AE340-4065-4CC3-84AA-E09FC64A5855}"
EndProject
Project("{9A19103F-16F7-4668-BE54-9A1E7A4F7556}") = "GuiWebApp.Client", "GuiWebApp\GuiWebApp.Client.csproj", "{C27773BD-4348-4F52-9EDA-BC9204BD3DDC}"
EndProject
Project("{9A19103F-16F7-4668-BE54-9A1E7A4F7556}") = "FlightPatternDetection.DTO", "FlightPatternDetection.DTO\FlightPatternDetection.DTO.csproj", "{9EDBA6C8-731D-4FAC-BDE4-085FD7432E3E}"
EndProject
Project("{FAE04EC0-301F-11D3-BF4B-00C04F79EFBC}") = "TrafficApiClient", "TrafficApiClient\TrafficApiClient.csproj", "{616DB68A-63E7-4A18-9343-F9159244251F}"
EndProject
Project("{FAE04EC0-301F-11D3-BF4B-00C04F79EFBC}") = "UnitTests", "UnitTests\UnitTests.csproj", "{A216B741-89B3-49DA-A200-B8A4D3F1286F}"
EndProject
Project("{FAE04EC0-301F-11D3-BF4B-00C04F79EFBC}") = "PatternDetectionEngine", "PatternDetectionEngine\PatternDetectionEngine.csproj", "{57C7178E-5CAF-424D-874E-297FD53798A6}"
EndProject
Global
	GlobalSection(SolutionConfigurationPlatforms) = preSolution
		Debug|Any CPU = Debug|Any CPU
		Release|Any CPU = Release|Any CPU
	EndGlobalSection
	GlobalSection(ProjectConfigurationPlatforms) = postSolution
		{6E2AE340-4065-4CC3-84AA-E09FC64A5855}.Debug|Any CPU.ActiveCfg = Debug|Any CPU
		{6E2AE340-4065-4CC3-84AA-E09FC64A5855}.Debug|Any CPU.Build.0 = Debug|Any CPU
		{6E2AE340-4065-4CC3-84AA-E09FC64A5855}.Release|Any CPU.ActiveCfg = Release|Any CPU
		{6E2AE340-4065-4CC3-84AA-E09FC64A5855}.Release|Any CPU.Build.0 = Release|Any CPU
		{C27773BD-4348-4F52-9EDA-BC9204BD3DDC}.Debug|Any CPU.ActiveCfg = Debug|Any CPU
		{C27773BD-4348-4F52-9EDA-BC9204BD3DDC}.Debug|Any CPU.Build.0 = Debug|Any CPU
		{C27773BD-4348-4F52-9EDA-BC9204BD3DDC}.Release|Any CPU.ActiveCfg = Release|Any CPU
		{C27773BD-4348-4F52-9EDA-BC9204BD3DDC}.Release|Any CPU.Build.0 = Release|Any CPU
		{9EDBA6C8-731D-4FAC-BDE4-085FD7432E3E}.Debug|Any CPU.ActiveCfg = Debug|Any CPU
		{9EDBA6C8-731D-4FAC-BDE4-085FD7432E3E}.Debug|Any CPU.Build.0 = Debug|Any CPU
		{9EDBA6C8-731D-4FAC-BDE4-085FD7432E3E}.Release|Any CPU.ActiveCfg = Release|Any CPU
		{9EDBA6C8-731D-4FAC-BDE4-085FD7432E3E}.Release|Any CPU.Build.0 = Release|Any CPU
		{616DB68A-63E7-4A18-9343-F9159244251F}.Debug|Any CPU.ActiveCfg = Debug|Any CPU
		{616DB68A-63E7-4A18-9343-F9159244251F}.Debug|Any CPU.Build.0 = Debug|Any CPU
		{616DB68A-63E7-4A18-9343-F9159244251F}.Release|Any CPU.ActiveCfg = Release|Any CPU
		{616DB68A-63E7-4A18-9343-F9159244251F}.Release|Any CPU.Build.0 = Release|Any CPU
		{A216B741-89B3-49DA-A200-B8A4D3F1286F}.Debug|Any CPU.ActiveCfg = Debug|Any CPU
		{A216B741-89B3-49DA-A200-B8A4D3F1286F}.Debug|Any CPU.Build.0 = Debug|Any CPU
		{A216B741-89B3-49DA-A200-B8A4D3F1286F}.Release|Any CPU.ActiveCfg = Release|Any CPU
		{A216B741-89B3-49DA-A200-B8A4D3F1286F}.Release|Any CPU.Build.0 = Release|Any CPU
		{57C7178E-5CAF-424D-874E-297FD53798A6}.Debug|Any CPU.ActiveCfg = Debug|Any CPU
		{57C7178E-5CAF-424D-874E-297FD53798A6}.Debug|Any CPU.Build.0 = Debug|Any CPU
		{57C7178E-5CAF-424D-874E-297FD53798A6}.Release|Any CPU.ActiveCfg = Release|Any CPU
		{57C7178E-5CAF-424D-874E-297FD53798A6}.Release|Any CPU.Build.0 = Release|Any CPU
	EndGlobalSection
	GlobalSection(SolutionProperties) = preSolution
		HideSolutionNode = FALSE
	EndGlobalSection
	GlobalSection(ExtensibilityGlobals) = postSolution
		SolutionGuid = {71CF647B-E58F-4592-A25C-DF30368F240A}
	EndGlobalSection
EndGlobal
